
Microsoft Visual Studio Solution File, Format Version 12.00
# Visual Studio 2015
Project("{FAE04EC0-301F-11D3-BF4B-00C04F79EFBC}") = "Ground", "Ground.csproj", "{13F7E2F5-153F-3014-FC17-E33CADDC2B38}"
EndProject
Project("{FAE04EC0-301F-11D3-BF4B-00C04F79EFBC}") = "Ground.Editor", "Ground.Editor.csproj", "{67BFE590-1927-EA2C-2248-DC1526028F7B}"
EndProject
Global
	GlobalSection(SolutionConfigurationPlatforms) = preSolution
		Debug|Any CPU = Debug|Any CPU
		Release|Any CPU = Release|Any CPU
	EndGlobalSection
	GlobalSection(ProjectConfigurationPlatforms) = postSolution
		{13F7E2F5-153F-3014-FC17-E33CADDC2B38}.Debug|Any CPU.ActiveCfg = Debug|Any CPU
		{13F7E2F5-153F-3014-FC17-E33CADDC2B38}.Debug|Any CPU.Build.0 = Debug|Any CPU
		{13F7E2F5-153F-3014-FC17-E33CADDC2B38}.Release|Any CPU.ActiveCfg = Release|Any CPU
		{13F7E2F5-153F-3014-FC17-E33CADDC2B38}.Release|Any CPU.Build.0 = Release|Any CPU
		{67BFE590-1927-EA2C-2248-DC1526028F7B}.Debug|Any CPU.ActiveCfg = Debug|Any CPU
		{67BFE590-1927-EA2C-2248-DC1526028F7B}.Debug|Any CPU.Build.0 = Debug|Any CPU
		{67BFE590-1927-EA2C-2248-DC1526028F7B}.Release|Any CPU.ActiveCfg = Release|Any CPU
		{67BFE590-1927-EA2C-2248-DC1526028F7B}.Release|Any CPU.Build.0 = Release|Any CPU
	EndGlobalSection
	GlobalSection(SolutionProperties) = preSolution
		HideSolutionNode = FALSE
	EndGlobalSection
EndGlobal
